<?xml version="1.0" encoding="utf-8"?>
<Project ToolsVersion="4.0" xmlns:atg="http://atg.xbox.com" xmlns="http://schemas.microsoft.com/developer/msbuild/2003">
  <ItemGroup>
    <Filter Include="Resource Files">
      <UniqueIdentifier>{8e114980-c1a3-4ada-ad7c-83caadf5daeb}</UniqueIdentifier>
      <Extensions>rc;ico;cur;bmp;dlg;rc2;rct;bin;rgs;gif;jpg;jpeg;jpe</Extensions>
    </Filter>
    <Filter Include="Object">
      <UniqueIdentifier>{2c7844b8-ddac-4995-822d-ced50638c74b}</UniqueIdentifier>
    </Filter>
    <Filter Include="Scene">
      <UniqueIdentifier>{616726d4-8551-4c4d-8b38-d05def08700a}</UniqueIdentifier>
    </Filter>
    <Filter Include="UIObject">
      <UniqueIdentifier>{33752d24-a768-42f1-8978-e1aa86afb742}</UniqueIdentifier>
    </Filter>
    <Filter Include="Object\Entity">
      <UniqueIdentifier>{376af2e9-ef42-4219-a138-66d389179525}</UniqueIdentifier>
    </Filter>
    <Filter Include="Object\Enemy">
      <UniqueIdentifier>{6997283a-c88a-41f7-a692-064cfec8ed5b}</UniqueIdentifier>
    </Filter>
    <Filter Include="Object\base">
      <UniqueIdentifier>{e94bf3ad-2f48-49e6-acee-6fd074f08144}</UniqueIdentifier>
    </Filter>
    <Filter Include="Object\Item">
      <UniqueIdentifier>{65440eb5-3894-44b6-9488-41246720f899}</UniqueIdentifier>
    </Filter>
  </ItemGroup>
  <ItemGroup>
    <None Include="DXUT\Optional\directx.ico">
      <Filter>Resource Files</Filter>
    </None>
  </ItemGroup>
  <ItemGroup>
    <ClCompile Include="Direct3D.cpp" />
    <ClCompile Include="Sprite.cpp" />
    <ClCompile Include="Texture.cpp" />
    <ClCompile Include="Main.cpp" />
    <ClCompile Include="GameScene.cpp">
      <Filter>Scene</Filter>
    </ClCompile>
    <ClCompile Include="Input.cpp" />
    <ClCompile Include="RankScene.cpp">
      <Filter>Scene</Filter>
    </ClCompile>
    <ClCompile Include="Number.cpp">
      <Filter>UIObject</Filter>
    </ClCompile>
    <ClCompile Include="Str.cpp">
      <Filter>UIObject</Filter>
    </ClCompile>
    <ClCompile Include="Sound.cpp" />
    <ClCompile Include="Scene.cpp">
      <Filter>Scene</Filter>
    </ClCompile>
    <ClCompile Include="Entity.cpp">
      <Filter>Object\Entity</Filter>
    </ClCompile>
    <ClCompile Include="Player.cpp">
      <Filter>Object\Entity</Filter>
    </ClCompile>
    <ClCompile Include="Boss.cpp">
      <Filter>Object\Enemy</Filter>
    </ClCompile>
    <ClCompile Include="Enemy.cpp">
      <Filter>Object\Enemy</Filter>
    </ClCompile>
    <ClCompile Include="Object.cpp">
      <Filter>Object\base</Filter>
    </ClCompile>
    <ClCompile Include="Virus_Speed.cpp">
      <Filter>Object\Enemy</Filter>
    </ClCompile>
    <ClCompile Include="Virus_Big.cpp">
      <Filter>Object\Enemy</Filter>
    </ClCompile>
    <ClCompile Include="Map.cpp">
      <Filter>Object\base</Filter>
    </ClCompile>
    <ClCompile Include="VIrus_Flash.cpp">
      <Filter>Object\Enemy</Filter>
    </ClCompile>
    <ClCompile Include="TitleScene.cpp">
      <Filter>Scene</Filter>
    </ClCompile>
    <ClCompile Include="IntroScene.cpp">
      <Filter>Scene</Filter>
    </ClCompile>
    <ClCompile Include="CreditScene.cpp">
      <Filter>Scene</Filter>
    </ClCompile>
    <ClCompile Include="HelpScene.cpp">
      <Filter>Scene</Filter>
    </ClCompile>
    <ClCompile Include="Heart.cpp">
      <Filter>UIObject</Filter>
    </ClCompile>
    <ClCompile Include="UiSprite.cpp">
      <Filter>UIObject</Filter>
    </ClCompile>
    <ClCompile Include="SpeedItem.cpp">
      <Filter>Object\Item</Filter>
    </ClCompile>
    <ClCompile Include="HealItem.cpp">
      <Filter>Object\Item</Filter>
    </ClCompile>
    <ClCompile Include="DefenseItem.cpp">
      <Filter>Object\Item</Filter>
    </ClCompile>
    <ClCompile Include="RandomItem.cpp">
      <Filter>Object\Item</Filter>
    </ClCompile>
    <ClCompile Include="invincible.cpp">
      <Filter>Object\Item</Filter>
    </ClCompile>
    <ClCompile Include="Item.cpp">
      <Filter>Object\Item</Filter>
    </ClCompile>
    <ClCompile Include="EndScene.cpp">
      <Filter>Scene</Filter>
    </ClCompile>
  </ItemGroup>
  <ItemGroup>
    <ClInclude Include="Singleton.h" />
    <ClInclude Include="Header.h" />
    <ClInclude Include="Direct3D.h" />
    <ClInclude Include="Texture.h" />
    <ClInclude Include="Sprite.h" />
    <ClInclude Include="GameScene.h">
      <Filter>Scene</Filter>
    </ClInclude>
    <ClInclude Include="MathUtility.h" />
    <ClInclude Include="Input.h" />
    <ClInclude Include="RankScene.h">
      <Filter>Scene</Filter>
    </ClInclude>
    <ClInclude Include="Number.h">
      <Filter>UIObject</Filter>
    </ClInclude>
    <ClInclude Include="Str.h">
      <Filter>UIObject</Filter>
    </ClInclude>
    <ClInclude Include="Sound.h" />
    <ClInclude Include="Scene.h">
      <Filter>Scene</Filter>
    </ClInclude>
    <ClInclude Include="Entity.h">
      <Filter>Object\Entity</Filter>
    </ClInclude>
    <ClInclude Include="Player.h">
      <Filter>Object\Entity</Filter>
    </ClInclude>
    <ClInclude Include="Boss.h">
      <Filter>Object\Enemy</Filter>
    </ClInclude>
    <ClInclude Include="Enemy.h">
      <Filter>Object\Enemy</Filter>
    </ClInclude>
    <ClInclude Include="Map.h">
      <Filter>Object\base</Filter>
    </ClInclude>
    <ClInclude Include="Object.h">
      <Filter>Object\base</Filter>
    </ClInclude>
    <ClInclude Include="Virus_Speed.h">
      <Filter>Object\Enemy</Filter>
    </ClInclude>
    <ClInclude Include="Virus_Big.h">
      <Filter>Object\Enemy</Filter>
    </ClInclude>
    <ClInclude Include="VIrus_Flash.h">
      <Filter>Object\Enemy</Filter>
    </ClInclude>
    <ClInclude Include="TitleScene.h">
      <Filter>Scene</Filter>
    </ClInclude>
    <ClInclude Include="IntroScene.h">
      <Filter>Scene</Filter>
    </ClInclude>
    <ClInclude Include="CreditScene.h">
      <Filter>Scene</Filter>
    </ClInclude>
    <ClInclude Include="HelpScene.h">
      <Filter>Scene</Filter>
    </ClInclude>
    <ClInclude Include="Heart.h">
      <Filter>UIObject</Filter>
    </ClInclude>
    <ClInclude Include="UiSprite.h">
      <Filter>UIObject</Filter>
    </ClInclude>
    <ClInclude Include="SpeedItem.h">
      <Filter>Object\Item</Filter>
    </ClInclude>
    <ClInclude Include="HealItem.h">
      <Filter>Object\Item</Filter>
    </ClInclude>
    <ClInclude Include="DefenseItem.h">
      <Filter>Object\Item</Filter>
    </ClInclude>
    <ClInclude Include="RandomItem.h">
      <Filter>Object\Item</Filter>
    </ClInclude>
    <ClInclude Include="invincible.h">
      <Filter>Object\Item</Filter>
    </ClInclude>
    <ClInclude Include="Item.h">
      <Filter>Object\Item</Filter>
    </ClInclude>
    <ClInclude Include="EndScene.h">
      <Filter>Scene</Filter>
    </ClInclude>
  </ItemGroup>
  <ItemGroup>
    <CLInclude Include="resource.h">
      <Filter>Resource Files</Filter>
    </CLInclude>
    <ResourceCompile Include="Textures.rc">
      <Filter>Resource Files</Filter>
    </ResourceCompile>
  </ItemGroup>
  <ItemGroup>
  </ItemGroup>
</Project>